// !$*UTF8*$!
{
	archiveVersion = 1;
	classes = {
	};
	objectVersion = 46;
	objects = {

/* Begin PBXBuildFile section */
		119BF39C1A9F6A41F3FEDFD5 /* Pods_Swift_3_Json_Parse.framework in Frameworks */ = {isa = PBXBuildFile; fileRef = 11E7BE7123915A8FC0C9C636 /* Pods_Swift_3_Json_Parse.framework */; };
		204D9E9C1F5A29A7005C162E /* AppDelegate.swift in Sources */ = {isa = PBXBuildFile; fileRef = 204D9E9B1F5A29A7005C162E /* AppDelegate.swift */; };
		204D9E9E1F5A29A7005C162E /* ViewController.swift in Sources */ = {isa = PBXBuildFile; fileRef = 204D9E9D1F5A29A7005C162E /* ViewController.swift */; };
		204D9EA11F5A29A7005C162E /* Main.storyboard in Resources */ = {isa = PBXBuildFile; fileRef = 204D9E9F1F5A29A7005C162E /* Main.storyboard */; };
		204D9EA31F5A29A7005C162E /* Assets.xcassets in Resources */ = {isa = PBXBuildFile; fileRef = 204D9EA21F5A29A7005C162E /* Assets.xcassets */; };
		204D9EA61F5A29A7005C162E /* LaunchScreen.storyboard in Resources */ = {isa = PBXBuildFile; fileRef = 204D9EA41F5A29A7005C162E /* LaunchScreen.storyboard */; };
		204D9EAE1F5A3ED9005C162E /* CampaignTableViewCell.swift in Sources */ = {isa = PBXBuildFile; fileRef = 204D9EAD1F5A3ED9005C162E /* CampaignTableViewCell.swift */; };
/* End PBXBuildFile section */

/* Begin PBXFileReference section */
		11E7BE7123915A8FC0C9C636 /* Pods_Swift_3_Json_Parse.framework */ = {isa = PBXFileReference; explicitFileType = wrapper.framework; includeInIndex = 0; path = Pods_Swift_3_Json_Parse.framework; sourceTree = BUILT_PRODUCTS_DIR; };
		204D9E981F5A29A7005C162E /* Swift 3 Json Parse.app */ = {isa = PBXFileReference; explicitFileType = wrapper.application; includeInIndex = 0; path = "Swift 3 Json Parse.app"; sourceTree = BUILT_PRODUCTS_DIR; };
		204D9E9B1F5A29A7005C162E /* AppDelegate.swift */ = {isa = PBXFileReference; lastKnownFileType = sourcecode.swift; path = AppDelegate.swift; sourceTree = "<group>"; };
		204D9E9D1F5A29A7005C162E /* ViewController.swift */ = {isa = PBXFileReference; lastKnownFileType = sourcecode.swift; path = ViewController.swift; sourceTree = "<group>"; };
		204D9EA01F5A29A7005C162E /* Base */ = {isa = PBXFileReference; lastKnownFileType = file.storyboard; name = Base; path = Base.lproj/Main.storyboard; sourceTree = "<group>"; };
		204D9EA21F5A29A7005C162E /* Assets.xcassets */ = {isa = PBXFileReference; lastKnownFileType = folder.assetcatalog; path = Assets.xcassets; sourceTree = "<group>"; };
		204D9EA51F5A29A7005C162E /* Base */ = {isa = PBXFileReference; lastKnownFileType = file.storyboard; name = Base; path = Base.lproj/LaunchScreen.storyboard; sourceTree = "<group>"; };
		204D9EA71F5A29A7005C162E /* Info.plist */ = {isa = PBXFileReference; lastKnownFileType = text.plist.xml; path = Info.plist; sourceTree = "<group>"; };
		204D9EAD1F5A3ED9005C162E /* CampaignTableViewCell.swift */ = {isa = PBXFileReference; fileEncoding = 4; lastKnownFileType = sourcecode.swift; path = CampaignTableViewCell.swift; sourceTree = "<group>"; };
		44025B2F3A0C2D97EF01FABE /* Pods-Swift 3 Json Parse.release.xcconfig */ = {isa = PBXFileReference; includeInIndex = 1; lastKnownFileType = text.xcconfig; name = "Pods-Swift 3 Json Parse.release.xcconfig"; path = "Pods/Target Support Files/Pods-Swift 3 Json Parse/Pods-Swift 3 Json Parse.release.xcconfig"; sourceTree = "<group>"; };
		DA976148159AF56CD97EA648 /* Pods-Swift 3 Json Parse.debug.xcconfig */ = {isa = PBXFileReference; includeInIndex = 1; lastKnownFileType = text.xcconfig; name = "Pods-Swift 3 Json Parse.debug.xcconfig"; path = "Pods/Target Support Files/Pods-Swift 3 Json Parse/Pods-Swift 3 Json Parse.debug.xcconfig"; sourceTree = "<group>"; };
/* End PBXFileReference section */

/* Begin PBXFrameworksBuildPhase section */
		204D9E951F5A29A7005C162E /* Frameworks */ = {
			isa = PBXFrameworksBuildPhase;
			buildActionMask = 2147483647;
			files = (
				119BF39C1A9F6A41F3FEDFD5 /* Pods_Swift_3_Json_Parse.framework in Frameworks */,
			);
			runOnlyForDeploymentPostprocessing = 0;
		};
/* End PBXFrameworksBuildPhase section */

/* Begin PBXGroup section */
		204D9E8F1F5A29A7005C162E = {
			isa = PBXGroup;
			children = (
				204D9E9A1F5A29A7005C162E /* Swift 3 Json Parse */,
				204D9E991F5A29A7005C162E /* Products */,
				90420CDCE19521C7ADED2965 /* Pods */,
				9CA90311CAD4A7B72D6BB686 /* Frameworks */,
			);
			sourceTree = "<group>";
		};
		204D9E991F5A29A7005C162E /* Products */ = {
			isa = PBXGroup;
			children = (
				204D9E981F5A29A7005C162E /* Swift 3 Json Parse.app */,
			);
			name = Products;
			sourceTree = "<group>";
		};
		204D9E9A1F5A29A7005C162E /* Swift 3 Json Parse */ = {
			isa = PBXGroup;
			children = (
				204D9E9B1F5A29A7005C162E /* AppDelegate.swift */,
				204D9E9D1F5A29A7005C162E /* ViewController.swift */,
				204D9E9F1F5A29A7005C162E /* Main.storyboard */,
				204D9EAD1F5A3ED9005C162E /* CampaignTableViewCell.swift */,
				204D9EA21F5A29A7005C162E /* Assets.xcassets */,
				204D9EA41F5A29A7005C162E /* LaunchScreen.storyboard */,
				204D9EA71F5A29A7005C162E /* Info.plist */,
			);
			path = "Swift 3 Json Parse";
			sourceTree = "<group>";
		};
		90420CDCE19521C7ADED2965 /* Pods */ = {
			isa = PBXGroup;
			children = (
				DA976148159AF56CD97EA648 /* Pods-Swift 3 Json Parse.debug.xcconfig */,
				44025B2F3A0C2D97EF01FABE /* Pods-Swift 3 Json Parse.release.xcconfig */,
			);
			name = Pods;
			sourceTree = "<group>";
		};
		9CA90311CAD4A7B72D6BB686 /* Frameworks */ = {
			isa = PBXGroup;
			children = (
				11E7BE7123915A8FC0C9C636 /* Pods_Swift_3_Json_Parse.framework */,
			);
			name = Frameworks;
			sourceTree = "<group>";
		};
/* End PBXGroup section */

/* Begin PBXNativeTarget section */
		204D9E971F5A29A7005C162E /* Swift 3 Json Parse */ = {
			isa = PBXNativeTarget;
			buildConfigurationList = 204D9EAA1F5A29A7005C162E /* Build configuration list for PBXNativeTarget "Swift 3 Json Parse" */;
			buildPhases = (
				32398F4410DFBB136995B10A /* [CP] Check Pods Manifest.lock */,
				204D9E941F5A29A7005C162E /* Sources */,
				204D9E951F5A29A7005C162E /* Frameworks */,
				204D9E961F5A29A7005C162E /* Resources */,
				206D1380C28B3ADF87F27D8A /* [CP] Embed Pods Frameworks */,
				62A5F057BDD4661C79174610 /* [CP] Copy Pods Resources */,
			);
			buildRules = (
			);
			dependencies = (
			);
			name = "Swift 3 Json Parse";
			productName = "Swift 3 Json Parse";
			productReference = 204D9E981F5A29A7005C162E /* Swift 3 Json Parse.app */;
			productType = "com.apple.product-type.application";
		};
/* End PBXNativeTarget section */

/* Begin PBXProject section */
		204D9E901F5A29A7005C162E /* Project object */ = {
			isa = PBXProject;
			attributes = {
				LastSwiftUpdateCheck = 0830;
				LastUpgradeCheck = 0830;
				ORGANIZATIONNAME = "Muhammed Esad Kaya";
				TargetAttributes = {
					204D9E971F5A29A7005C162E = {
						CreatedOnToolsVersion = 8.3.3;
						ProvisioningStyle = Automatic;
					};
				};
			};
			buildConfigurationList = 204D9E931F5A29A7005C162E /* Build configuration list for PBXProject "Swift 3 Json Parse" */;
			compatibilityVersion = "Xcode 3.2";
			developmentRegion = English;
			hasScannedForEncodings = 0;
			knownRegions = (
				en,
				Base,
			);
			mainGroup = 204D9E8F1F5A29A7005C162E;
			productRefGroup = 204D9E991F5A29A7005C162E /* Products */;
			projectDirPath = "";
			projectRoot = "";
			targets = (
				204D9E971F5A29A7005C162E /* Swift 3 Json Parse */,
			);
		};
/* End PBXProject section */

/* Begin PBXResourcesBuildPhase section */
		204D9E961F5A29A7005C162E /* Resources */ = {
			isa = PBXResourcesBuildPhase;
			buildActionMask = 2147483647;
			files = (
				204D9EA61F5A29A7005C162E /* LaunchScreen.storyboard in Resources */,
				204D9EA31F5A29A7005C162E /* Assets.xcassets in Resources */,
				204D9EA11F5A29A7005C162E /* Main.storyboard in Resources */,
			);
			runOnlyForDeploymentPostprocessing = 0;
		};
/* End PBXResourcesBuildPhase section */

/* Begin PBXShellScriptBuildPhase section */
		206D1380C28B3ADF87F27D8A /* [CP] Embed Pods Frameworks */ = {
			isa = PBXShellScriptBuildPhase;
			buildActionMask = 2147483647;
			files = (
			);
			inputPaths = (
				"${SRCROOT}/Pods/Target Support Files/Pods-Swift 3 Json Parse/Pods-Swift 3 Json Parse-frameworks.sh",
				"${BUILT_PRODUCTS_DIR}/SDWebImage/SDWebImage.framework",
				"${BUILT_PRODUCTS_DIR}/libwebp/libwebp.framework",
			);
			name = "[CP] Embed Pods Frameworks";
			outputPaths = (
				"${TARGET_BUILD_DIR}/${FRAMEWORKS_FOLDER_PATH}/SDWebImage.framework",
				"${TARGET_BUILD_DIR}/${FRAMEWORKS_FOLDER_PATH}/libwebp.framework",
			);
			runOnlyForDeploymentPostprocessing = 0;
			shellPath = /bin/sh;
			shellScript = "\"${SRCROOT}/Pods/Target Support Files/Pods-Swift 3 Json Parse/Pods-Swift 3 Json Parse-frameworks.sh\"\n";
			showEnvVarsInLog = 0;
		};
		32398F4410DFBB136995B10A /* [CP] Check Pods Manifest.lock */ = {
			isa = PBXShellScriptBuildPhase;
			buildActionMask = 2147483647;
			files = (
			);
			inputPaths = (
				"${PODS_PODFILE_DIR_PATH}/Podfile.lock",
				"${PODS_ROOT}/Manifest.lock",
			);
			name = "[CP] Check Pods Manifest.lock";
			outputPaths = (
				"$(DERIVED_FILE_DIR)/Pods-Swift 3 Json Parse-checkManifestLockResult.txt",
			);
			runOnlyForDeploymentPostprocessing = 0;
			shellPath = /bin/sh;
			shellScript = "diff \"${PODS_PODFILE_DIR_PATH}/Podfile.lock\" \"${PODS_ROOT}/Manifest.lock\" > /dev/null\nif [ $? != 0 ] ; then\n    # print error to STDERR\n    echo \"error: The sandbox is not in sync with the Podfile.lock. Run 'pod install' or update your CocoaPods installation.\" >&2\n    exit 1\nfi\n# This output is used by Xcode 'outputs' to avoid re-running this script phase.\necho \"SUCCESS\" > \"${SCRIPT_OUTPUT_FILE_0}\"\n";
			showEnvVarsInLog = 0;
		};
		62A5F057BDD4661C79174610 /* [CP] Copy Pods Resources */ = {
			isa = PBXShellScriptBuildPhase;
			buildActionMask = 2147483647;
			files = (
			);
			inputPaths = (
			);
			name = "[CP] Copy Pods Resources";
			outputPaths = (
			);
			runOnlyForDeploymentPostprocessing = 0;
			shellPath = /bin/sh;
			shellScript = "\"${SRCROOT}/Pods/Target Support Files/Pods-Swift 3 Json Parse/Pods-Swift 3 Json Parse-resources.sh\"\n";
			showEnvVarsInLog = 0;
		};
/* End PBXShellScriptBuildPhase section */

/* Begin PBXSourcesBuildPhase section */
		204D9E941F5A29A7005C162E /* Sources */ = {
			isa = PBXSourcesBuildPhase;
			buildActionMask = 2147483647;
			files = (
				204D9E9E1F5A29A7005C162E /* ViewController.swift in Sources */,
				204D9EAE1F5A3ED9005C162E /* CampaignTableViewCell.swift in Sources */,
				204D9E9C1F5A29A7005C162E /* AppDelegate.swift in Sources */,
			);
			runOnlyForDeploymentPostprocessing = 0;
		};
/* End PBXSourcesBuildPhase section */

/* Begin PBXVariantGroup section */
		204D9E9F1F5A29A7005C162E /* Main.storyboard */ = {
			isa = PBXVariantGroup;
			children = (
				204D9EA01F5A29A7005C162E /* Base */,
			);
			name = Main.storyboard;
			sourceTree = "<group>";
		};
		204D9EA41F5A29A7005C162E /* LaunchScreen.storyboard */ = {
			isa = PBXVariantGroup;
			children = (
				204D9EA51F5A29A7005C162E /* Base */,
			);
			name = LaunchScreen.storyboard;
			sourceTree = "<group>";
		};
/* End PBXVariantGroup section */

/* Begin XCBuildConfiguration section */
		204D9EA81F5A29A7005C162E /* Debug */ = {
			isa = XCBuildConfiguration;
			buildSettings = {
				ALWAYS_SEARCH_USER_PATHS = NO;
				CLANG_ANALYZER_NONNULL = YES;
				CLANG_ANALYZER_NUMBER_OBJECT_CONVERSION = YES_AGGRESSIVE;
				CLANG_CXX_LANGUAGE_STANDARD = "gnu++0x";
				CLANG_CXX_LIBRARY = "libc++";
				CLANG_ENABLE_MODULES = YES;
				CLANG_ENABLE_OBJC_ARC = YES;
				CLANG_WARN_BOOL_CONVERSION = YES;
				CLANG_WARN_CONSTANT_CONVERSION = YES;
				CLANG_WARN_DIRECT_OBJC_ISA_USAGE = YES_ERROR;
				CLANG_WARN_DOCUMENTATION_COMMENTS = YES;
				CLANG_WARN_EMPTY_BODY = YES;
				CLANG_WARN_ENUM_CONVERSION = YES;
				CLANG_WARN_INFINITE_RECURSION = YES;
				CLANG_WARN_INT_CONVERSION = YES;
				CLANG_WARN_OBJC_ROOT_CLASS = YES_ERROR;
				CLANG_WARN_SUSPICIOUS_MOVE = YES;
				CLANG_WARN_UNREACHABLE_CODE = YES;
				CLANG_WARN__DUPLICATE_METHOD_MATCH = YES;
				"CODE_SIGN_IDENTITY[sdk=iphoneos*]" = "iPhone Developer";
				COPY_PHASE_STRIP = NO;
				DEBUG_INFORMATION_FORMAT = dwarf;
				ENABLE_STRICT_OBJC_MSGSEND = YES;
				ENABLE_TESTABILITY = YES;
				GCC_C_LANGUAGE_STANDARD = gnu99;
				GCC_DYNAMIC_NO_PIC = NO;
				GCC_NO_COMMON_BLOCKS = YES;
				GCC_OPTIMIZATION_LEVEL = 0;
				GCC_PREPROCESSOR_DEFINITIONS = (
					"DEBUG=1",
					"$(inherited)",
				);
				GCC_WARN_64_TO_32_BIT_CONVERSION = YES;
				GCC_WARN_ABOUT_RETURN_TYPE = YES_ERROR;
				GCC_WARN_UNDECLARED_SELECTOR = YES;
				GCC_WARN_UNINITIALIZED_AUTOS = YES_AGGRESSIVE;
				GCC_WARN_UNUSED_FUNCTION = YES;
				GCC_WARN_UNUSED_VARIABLE = YES;
				IPHONEOS_DEPLOYMENT_TARGET = 10.3;
				MTL_ENABLE_DEBUG_INFO = YES;
				ONLY_ACTIVE_ARCH = YES;
				SDKROOT = iphoneos;
				SWIFT_ACTIVE_COMPILATION_CONDITIONS = DEBUG;
				SWIFT_OPTIMIZATION_LEVEL = "-Onone";
			};
			name = Debug;
		};
		204D9EA91F5A29A7005C162E /* Release */ = {
			isa = XCBuildConfiguration;
			buildSettings = {
				ALWAYS_SEARCH_USER_PATHS = NO;
				CLANG_ANALYZER_NONNULL = YES;
				CLANG_ANALYZER_NUMBER_OBJECT_CONVERSION = YES_AGGRESSIVE;
				CLANG_CXX_LANGUAGE_STANDARD = "gnu++0x";
				CLANG_CXX_LIBRARY = "libc++";
				CLANG_ENABLE_MODULES = YES;
				CLANG_ENABLE_OBJC_ARC = YES;
				CLANG_WARN_BOOL_CONVERSION = YES;
				CLANG_WARN_CONSTANT_CONVERSION = YES;
				CLANG_WARN_DIRECT_OBJC_ISA_USAGE = YES_ERROR;
				CLANG_WARN_DOCUMENTATION_COMMENTS = YES;
				CLANG_WARN_EMPTY_BODY = YES;
				CLANG_WARN_ENUM_CONVERSION = YES;
				CLANG_WARN_INFINITE_RECURSION = YES;
				CLANG_WARN_INT_CONVERSION = YES;
				CLANG_WARN_OBJC_ROOT_CLASS = YES_ERROR;
				CLANG_WARN_SUSPICIOUS_MOVE = YES;
				CLANG_WARN_UNREACHABLE_CODE = YES;
				CLANG_WARN__DUPLICATE_METHOD_MATCH = YES;
				"CODE_SIGN_IDENTITY[sdk=iphoneos*]" = "iPhone Developer";
				COPY_PHASE_STRIP = NO;
				DEBUG_INFORMATION_FORMAT = "dwarf-with-dsym";
				ENABLE_NS_ASSERTIONS = NO;
				ENABLE_STRICT_OBJC_MSGSEND = YES;
				GCC_C_LANGUAGE_STANDARD = gnu99;
				GCC_NO_COMMON_BLOCKS = YES;
				GCC_WARN_64_TO_32_BIT_CONVERSION = YES;
				GCC_WARN_ABOUT_RETURN_TYPE = YES_ERROR;
				GCC_WARN_UNDECLARED_SELECTOR = YES;
				GCC_WARN_UNINITIALIZED_AUTOS = YES_AGGRESSIVE;
				GCC_WARN_UNUSED_FUNCTION = YES;
				GCC_WARN_UNUSED_VARIABLE = YES;
				IPHONEOS_DEPLOYMENT_TARGET = 10.3;
				MTL_ENABLE_DEBUG_INFO = NO;
				SDKROOT = iphoneos;
				SWIFT_OPTIMIZATION_LEVEL = "-Owholemodule";
				VALIDATE_PRODUCT = YES;
			};
			name = Release;
		};
		204D9EAB1F5A29A7005C162E /* Debug */ = {
			isa = XCBuildConfiguration;
			baseConfigurationReference = DA976148159AF56CD97EA648 /* Pods-Swift 3 Json Parse.debug.xcconfig */;
			buildSettings = {
				ASSETCATALOG_COMPILER_APPICON_NAME = AppIcon;
				INFOPLIST_FILE = "Swift 3 Json Parse/Info.plist";
				LD_RUNPATH_SEARCH_PATHS = "$(inherited) @executable_path/Frameworks";
				PRODUCT_BUNDLE_IDENTIFIER = "mesadkaya.Swift-3-Json-Parse";
				PRODUCT_NAME = "$(TARGET_NAME)";
				SWIFT_VERSION = 3.0;
			};
			name = Debug;
		};
		204D9EAC1F5A29A7005C162E /* Release */ = {
			isa = XCBuildConfiguration;
			baseConfigurationReference = 44025B2F3A0C2D97EF01FABE /* Pods-Swift 3 Json Parse.release.xcconfig */;
			buildSettings = {
				ASSETCATALOG_COMPILER_APPICON_NAME = AppIcon;
				INFOPLIST_FILE = "Swift 3 Json Parse/Info.plist";
				LD_RUNPATH_SEARCH_PATHS = "$(inherited) @executable_path/Frameworks";
				PRODUCT_BUNDLE_IDENTIFIER = "mesadkaya.Swift-3-Json-Parse";
				PRODUCT_NAME = "$(TARGET_NAME)";
				SWIFT_VERSION = 3.0;
			};
			name = Release;
		};
/* End XCBuildConfiguration section */

/* Begin XCConfigurationList section */
		204D9E931F5A29A7005C162E /* Build configuration list for PBXProject "Swift 3 Json Parse" */ = {
			isa = XCConfigurationList;
			buildConfigurations = (
				204D9EA81F5A29A7005C162E /* Debug */,
				204D9EA91F5A29A7005C162E /* Release */,
			);
			defaultConfigurationIsVisible = 0;
			defaultConfigurationName = Release;
		};
		204D9EAA1F5A29A7005C162E /* Build configuration list for PBXNativeTarget "Swift 3 Json Parse" */ = {
			isa = XCConfigurationList;
			buildConfigurations = (
				204D9EAB1F5A29A7005C162E /* Debug */,
				204D9EAC1F5A29A7005C162E /* Release */,
			);
			defaultConfigurationIsVisible = 0;
		};
/* End XCConfigurationList section */
	};
	rootObject = 204D9E901F5A29A7005C162E /* Project object */;
}
